
Microsoft Visual Studio Solution File, Format Version 12.00
# Visual Studio Version 16
VisualStudioVersion = 16.0.29613.14
MinimumVisualStudioVersion = 10.0.40219.1
Project("{9A19103F-16F7-4668-BE54-9A1E7A4F7556}") = "CreateType", "CreateType.csproj", "{F4E185C6-26F6-410E-A6CF-79DBFB7A6552}"
EndProject
Project("{FAE04EC0-301F-11D3-BF4B-00C04F79EFBC}") = "GenericType", "..\GenericType\GenericType.csproj", "{0602EAB1-818E-4F58-8143-82A8844FE2E3}"
EndProject
Project("{FAE04EC0-301F-11D3-BF4B-00C04F79EFBC}") = "Advanced", "..\Advanced\Advanced.csproj", "{2DB28557-0C9B-412C-8E0D-5A0D3A6BC51B}"
EndProject
Project("{FAE04EC0-301F-11D3-BF4B-00C04F79EFBC}") = "DelegatesAndEventAndLambda", "..\DelegatesAndEventAndLambda\DelegatesAndEventAndLambda.csproj", "{8B6C374A-5E63-414A-85E5-4BBFF3A0ED19}"
EndProject
Global
	GlobalSection(SolutionConfigurationPlatforms) = preSolution
		Debug|Any CPU = Debug|Any CPU
		Release|Any CPU = Release|Any CPU
	EndGlobalSection
	GlobalSection(ProjectConfigurationPlatforms) = postSolution
		{F4E185C6-26F6-410E-A6CF-79DBFB7A6552}.Debug|Any CPU.ActiveCfg = Debug|Any CPU
		{F4E185C6-26F6-410E-A6CF-79DBFB7A6552}.Debug|Any CPU.Build.0 = Debug|Any CPU
		{F4E185C6-26F6-410E-A6CF-79DBFB7A6552}.Release|Any CPU.ActiveCfg = Release|Any CPU
		{F4E185C6-26F6-410E-A6CF-79DBFB7A6552}.Release|Any CPU.Build.0 = Release|Any CPU
		{0602EAB1-818E-4F58-8143-82A8844FE2E3}.Debug|Any CPU.ActiveCfg = Debug|Any CPU
		{0602EAB1-818E-4F58-8143-82A8844FE2E3}.Debug|Any CPU.Build.0 = Debug|Any CPU
		{0602EAB1-818E-4F58-8143-82A8844FE2E3}.Release|Any CPU.ActiveCfg = Release|Any CPU
		{0602EAB1-818E-4F58-8143-82A8844FE2E3}.Release|Any CPU.Build.0 = Release|Any CPU
		{2DB28557-0C9B-412C-8E0D-5A0D3A6BC51B}.Debug|Any CPU.ActiveCfg = Debug|Any CPU
		{2DB28557-0C9B-412C-8E0D-5A0D3A6BC51B}.Debug|Any CPU.Build.0 = Debug|Any CPU
		{2DB28557-0C9B-412C-8E0D-5A0D3A6BC51B}.Release|Any CPU.ActiveCfg = Release|Any CPU
		{2DB28557-0C9B-412C-8E0D-5A0D3A6BC51B}.Release|Any CPU.Build.0 = Release|Any CPU
		{8B6C374A-5E63-414A-85E5-4BBFF3A0ED19}.Debug|Any CPU.ActiveCfg = Debug|Any CPU
		{8B6C374A-5E63-414A-85E5-4BBFF3A0ED19}.Debug|Any CPU.Build.0 = Debug|Any CPU
		{8B6C374A-5E63-414A-85E5-4BBFF3A0ED19}.Release|Any CPU.ActiveCfg = Release|Any CPU
		{8B6C374A-5E63-414A-85E5-4BBFF3A0ED19}.Release|Any CPU.Build.0 = Release|Any CPU
	EndGlobalSection
	GlobalSection(SolutionProperties) = preSolution
		HideSolutionNode = FALSE
	EndGlobalSection
	GlobalSection(ExtensibilityGlobals) = postSolution
		SolutionGuid = {100AAC47-A1D9-42DA-9285-5C37D6107D23}
	EndGlobalSection
EndGlobal
